
Microsoft Visual Studio Solution File, Format Version 12.00
# Visual Studio Version 16
VisualStudioVersion = 16.0.29728.190
MinimumVisualStudioVersion = 10.0.40219.1
Project("{9A19103F-16F7-4668-BE54-9A1E7A4F7556}") = "Artlist.Server", "Artlist.Server.csproj", "{B542C79A-BF08-4DDB-8D42-7B28C9B74C4E}"
EndProject
Project("{9A19103F-16F7-4668-BE54-9A1E7A4F7556}") = "Artlist.Common", "..\Artlist.Common\Artlist.Common.csproj", "{0105BBE5-54BA-454B-91E8-5379964FCAFD}"
EndProject
Project("{9A19103F-16F7-4668-BE54-9A1E7A4F7556}") = "Artlist.Core", "..\Artlist.Core\Artlist.Core.csproj", "{14E7EFFE-AA95-4FEF-906D-CC820A942C1F}"
EndProject
Project("{2150E333-8FDC-42A3-9474-1A3956D46DE8}") = "Solution Items", "Solution Items", "{DE49AD48-859C-4ABC-A145-9015CCA99CDA}"
	ProjectSection(SolutionItems) = preProject
		README.txt = README.txt
	EndProjectSection
EndProject
Project("{9A19103F-16F7-4668-BE54-9A1E7A4F7556}") = "Artlist.Core.UnitTest", "..\Artlist.Core.UnitTest\Artlist.Core.UnitTest.csproj", "{01986F56-B8FD-45C2-AB6F-68D49DAFC262}"
EndProject
Project("{2150E333-8FDC-42A3-9474-1A3956D46DE8}") = "Tests", "Tests", "{2C868EC6-D96C-4287-9A3E-A731EDFE9AF4}"
EndProject
Project("{00D1A9C2-B5F0-4AF3-8072-F6C62B433612}") = "Artlist.SQLDB", "..\Artlist.SQLDB\Artlist.SQLDB.sqlproj", "{53FEF216-12A1-4ACD-9F92-DB4AC5B592F2}"
EndProject
Project("{FAE04EC0-301F-11D3-BF4B-00C04F79EFBC}") = "Artlist.Server.Tests", "..\Artlist.Server.Tests\Artlist.Server.Tests.csproj", "{2DC9E3D8-9750-4414-9E60-6F59DF62AC63}"
EndProject
Global
	GlobalSection(SolutionConfigurationPlatforms) = preSolution
		Debug|Any CPU = Debug|Any CPU
		Release|Any CPU = Release|Any CPU
	EndGlobalSection
	GlobalSection(ProjectConfigurationPlatforms) = postSolution
		{B542C79A-BF08-4DDB-8D42-7B28C9B74C4E}.Debug|Any CPU.ActiveCfg = Debug|Any CPU
		{B542C79A-BF08-4DDB-8D42-7B28C9B74C4E}.Debug|Any CPU.Build.0 = Debug|Any CPU
		{B542C79A-BF08-4DDB-8D42-7B28C9B74C4E}.Release|Any CPU.ActiveCfg = Release|Any CPU
		{B542C79A-BF08-4DDB-8D42-7B28C9B74C4E}.Release|Any CPU.Build.0 = Release|Any CPU
		{0105BBE5-54BA-454B-91E8-5379964FCAFD}.Debug|Any CPU.ActiveCfg = Debug|Any CPU
		{0105BBE5-54BA-454B-91E8-5379964FCAFD}.Debug|Any CPU.Build.0 = Debug|Any CPU
		{0105BBE5-54BA-454B-91E8-5379964FCAFD}.Release|Any CPU.ActiveCfg = Release|Any CPU
		{0105BBE5-54BA-454B-91E8-5379964FCAFD}.Release|Any CPU.Build.0 = Release|Any CPU
		{14E7EFFE-AA95-4FEF-906D-CC820A942C1F}.Debug|Any CPU.ActiveCfg = Debug|Any CPU
		{14E7EFFE-AA95-4FEF-906D-CC820A942C1F}.Debug|Any CPU.Build.0 = Debug|Any CPU
		{14E7EFFE-AA95-4FEF-906D-CC820A942C1F}.Release|Any CPU.ActiveCfg = Release|Any CPU
		{14E7EFFE-AA95-4FEF-906D-CC820A942C1F}.Release|Any CPU.Build.0 = Release|Any CPU
		{01986F56-B8FD-45C2-AB6F-68D49DAFC262}.Debug|Any CPU.ActiveCfg = Debug|Any CPU
		{01986F56-B8FD-45C2-AB6F-68D49DAFC262}.Debug|Any CPU.Build.0 = Debug|Any CPU
		{01986F56-B8FD-45C2-AB6F-68D49DAFC262}.Release|Any CPU.ActiveCfg = Release|Any CPU
		{01986F56-B8FD-45C2-AB6F-68D49DAFC262}.Release|Any CPU.Build.0 = Release|Any CPU
		{53FEF216-12A1-4ACD-9F92-DB4AC5B592F2}.Debug|Any CPU.ActiveCfg = Debug|Any CPU
		{53FEF216-12A1-4ACD-9F92-DB4AC5B592F2}.Debug|Any CPU.Build.0 = Debug|Any CPU
		{53FEF216-12A1-4ACD-9F92-DB4AC5B592F2}.Debug|Any CPU.Deploy.0 = Debug|Any CPU
		{53FEF216-12A1-4ACD-9F92-DB4AC5B592F2}.Release|Any CPU.ActiveCfg = Release|Any CPU
		{53FEF216-12A1-4ACD-9F92-DB4AC5B592F2}.Release|Any CPU.Build.0 = Release|Any CPU
		{53FEF216-12A1-4ACD-9F92-DB4AC5B592F2}.Release|Any CPU.Deploy.0 = Release|Any CPU
		{2DC9E3D8-9750-4414-9E60-6F59DF62AC63}.Debug|Any CPU.ActiveCfg = Debug|Any CPU
		{2DC9E3D8-9750-4414-9E60-6F59DF62AC63}.Debug|Any CPU.Build.0 = Debug|Any CPU
		{2DC9E3D8-9750-4414-9E60-6F59DF62AC63}.Release|Any CPU.ActiveCfg = Release|Any CPU
		{2DC9E3D8-9750-4414-9E60-6F59DF62AC63}.Release|Any CPU.Build.0 = Release|Any CPU
	EndGlobalSection
	GlobalSection(SolutionProperties) = preSolution
		HideSolutionNode = FALSE
	EndGlobalSection
	GlobalSection(NestedProjects) = preSolution
		{01986F56-B8FD-45C2-AB6F-68D49DAFC262} = {2C868EC6-D96C-4287-9A3E-A731EDFE9AF4}
		{2DC9E3D8-9750-4414-9E60-6F59DF62AC63} = {2C868EC6-D96C-4287-9A3E-A731EDFE9AF4}
	EndGlobalSection
	GlobalSection(ExtensibilityGlobals) = postSolution
		SolutionGuid = {68482CD2-4DD8-4187-AE66-9E19F3B0C0D4}
	EndGlobalSection
EndGlobal
